<?xml version="1.0" encoding="utf-8"?>
<Project ToolsVersion="4.0" xmlns="http://schemas.microsoft.com/developer/msbuild/2003">
  <ItemGroup>
    <Filter Include="common">
      <UniqueIdentifier>{f2f3f8e5-1bf9-4cb7-9d85-91449c5b46c9}</UniqueIdentifier>
    </Filter>
    <Filter Include="precompiled">
      <UniqueIdentifier>{21052c35-784c-49d6-8fbc-00a2cdbd6fc9}</UniqueIdentifier>
    </Filter>
    <Filter Include="multithreading">
      <UniqueIdentifier>{8fdc3f54-b1e3-4ce7-bd53-f829abbc1555}</UniqueIdentifier>
    </Filter>
    <Filter Include="memory">
      <UniqueIdentifier>{8dd0768b-60a0-42cb-a08b-997dfe52bbc2}</UniqueIdentifier>
    </Filter>
    <Filter Include="network">
      <UniqueIdentifier>{36191619-e5b0-4375-8216-f8b3b1e19091}</UniqueIdentifier>
    </Filter>
  </ItemGroup>
  <ItemGroup>
    <ClCompile Include="common\CommonPch.cpp">
      <Filter>common</Filter>
    </ClCompile>
    <ClCompile Include="precompiled\Pch.cpp">
      <Filter>precompiled</Filter>
    </ClCompile>
    <ClCompile Include="common\Macros.cpp">
      <Filter>common</Filter>
    </ClCompile>
    <ClCompile Include="common\Types.cpp">
      <Filter>common</Filter>
    </ClCompile>
    <ClCompile Include="multithreading\ThreadManager.cpp">
      <Filter>multithreading</Filter>
    </ClCompile>
    <ClCompile Include="common\ThreadLocalStorage.cpp">
      <Filter>common</Filter>
    </ClCompile>
    <ClCompile Include="common\Global.cpp">
      <Filter>common</Filter>
    </ClCompile>
    <ClCompile Include="multithreading\RwLock.cpp">
      <Filter>multithreading</Filter>
    </ClCompile>
    <ClCompile Include="multithreading\DeadLockProfiler.cpp">
      <Filter>multithreading</Filter>
    </ClCompile>
    <ClCompile Include="memory\Allocator.cpp">
      <Filter>memory</Filter>
    </ClCompile>
    <ClCompile Include="memory\MemoryPool.cpp">
      <Filter>memory</Filter>
    </ClCompile>
    <ClCompile Include="memory\MemoryManager.cpp">
      <Filter>memory</Filter>
    </ClCompile>
    <ClCompile Include="memory\ObjectPool.cpp">
      <Filter>memory</Filter>
    </ClCompile>
    <ClCompile Include="memory\Containers.cpp">
      <Filter>memory</Filter>
    </ClCompile>
    <ClCompile Include="network\SockaddrWrapper.cpp">
      <Filter>network</Filter>
    </ClCompile>
    <ClCompile Include="network\SocketFunctions.cpp">
      <Filter>network</Filter>
    </ClCompile>
    <ClCompile Include="network\IocpEventForwarder.cpp">
      <Filter>network</Filter>
    </ClCompile>
    <ClCompile Include="network\IocpEvents.cpp">
      <Filter>network</Filter>
    </ClCompile>
  </ItemGroup>
  <ItemGroup>
    <ClInclude Include="common\CommonPch.hpp">
      <Filter>common</Filter>
    </ClInclude>
    <ClInclude Include="precompiled\Pch.hpp">
      <Filter>precompiled</Filter>
    </ClInclude>
    <ClInclude Include="common\Macros.hpp">
      <Filter>common</Filter>
    </ClInclude>
    <ClInclude Include="common\Types.hpp">
      <Filter>common</Filter>
    </ClInclude>
    <ClInclude Include="multithreading\ThreadManager.hpp">
      <Filter>multithreading</Filter>
    </ClInclude>
    <ClInclude Include="common\ThreadLocalStorage.hpp">
      <Filter>common</Filter>
    </ClInclude>
    <ClInclude Include="common\Global.hpp">
      <Filter>common</Filter>
    </ClInclude>
    <ClInclude Include="multithreading\RwLock.hpp">
      <Filter>multithreading</Filter>
    </ClInclude>
    <ClInclude Include="multithreading\DeadLockProfiler.hpp">
      <Filter>multithreading</Filter>
    </ClInclude>
    <ClInclude Include="memory\Allocator.hpp">
      <Filter>memory</Filter>
    </ClInclude>
    <ClInclude Include="memory\MemoryPool.hpp">
      <Filter>memory</Filter>
    </ClInclude>
    <ClInclude Include="memory\MemoryManager.hpp">
      <Filter>memory</Filter>
    </ClInclude>
    <ClInclude Include="memory\ObjectPool.hpp">
      <Filter>memory</Filter>
    </ClInclude>
    <ClInclude Include="memory\Containers.hpp">
      <Filter>memory</Filter>
    </ClInclude>
    <ClInclude Include="network\SockaddrWrapper.hpp">
      <Filter>network</Filter>
    </ClInclude>
    <ClInclude Include="network\SocketFunctions.hpp">
      <Filter>network</Filter>
    </ClInclude>
    <ClInclude Include="network\IocpEventForwarder.hpp">
      <Filter>network</Filter>
    </ClInclude>
    <ClInclude Include="network\IocpEvents.hpp">
      <Filter>network</Filter>
    </ClInclude>
  </ItemGroup>
</Project>