<?xml version="1.0" encoding="utf-8"?>
<Project ToolsVersion="4.0" xmlns="http://schemas.microsoft.com/developer/msbuild/2003">
  <ItemGroup>
    <Filter Include="main">
      <UniqueIdentifier>{e5c064b4-17b6-444c-8a11-d11673afe07b}</UniqueIdentifier>
    </Filter>
    <Filter Include="precompiled">
      <UniqueIdentifier>{dc9d4df5-ae0a-4124-b540-53d56e56d01d}</UniqueIdentifier>
    </Filter>
    <Filter Include="network">
      <UniqueIdentifier>{1554bbff-3dd6-42ed-8b8c-ae5c9a1670f9}</UniqueIdentifier>
    </Filter>
  </ItemGroup>
  <ItemGroup>
    <ClCompile Include="precompiled\Pch.cpp">
      <Filter>precompiled</Filter>
    </ClCompile>
    <ClCompile Include="main\Main.cpp">
      <Filter>main</Filter>
    </ClCompile>
    <ClCompile Include="network\Sessions.cpp">
      <Filter>network</Filter>
    </ClCompile>
    <ClCompile Include="network\PacketHandler.cpp">
      <Filter>network</Filter>
    </ClCompile>
    <ClCompile Include="network\Packet.pb.cc">
      <Filter>network</Filter>
    </ClCompile>
  </ItemGroup>
  <ItemGroup>
    <ClInclude Include="precompiled\Pch.hpp">
      <Filter>precompiled</Filter>
    </ClInclude>
    <ClInclude Include="network\Sessions.hpp">
      <Filter>network</Filter>
    </ClInclude>
    <ClInclude Include="network\PacketHandler.hpp">
      <Filter>network</Filter>
    </ClInclude>
    <ClInclude Include="network\Packet.pb.h">
      <Filter>network</Filter>
    </ClInclude>
  </ItemGroup>
</Project>